// !$*UTF8*$!
{
	archiveVersion = 1;
	classes = {
	};
	objectVersion = 56;
	objects = {

/* Begin PBXBuildFile section */
		1B3FC54C2B4D221E00170398 /* FlickNestApp.swift in Sources */ = {isa = PBXBuildFile; fileRef = 1B3FC54B2B4D221E00170398 /* FlickNestApp.swift */; };
		1B3FC54E2B4D221E00170398 /* ContentView.swift in Sources */ = {isa = PBXBuildFile; fileRef = 1B3FC54D2B4D221E00170398 /* ContentView.swift */; };
		1B3FC5502B4D222000170398 /* Assets.xcassets in Resources */ = {isa = PBXBuildFile; fileRef = 1B3FC54F2B4D222000170398 /* Assets.xcassets */; };
		1B3FC5532B4D222000170398 /* Preview Assets.xcassets in Resources */ = {isa = PBXBuildFile; fileRef = 1B3FC5522B4D222000170398 /* Preview Assets.xcassets */; };
		1B3FC55D2B4D222000170398 /* FlickNestTests.swift in Sources */ = {isa = PBXBuildFile; fileRef = 1B3FC55C2B4D222000170398 /* FlickNestTests.swift */; };
		1B3FC5672B4D222000170398 /* FlickNestUITests.swift in Sources */ = {isa = PBXBuildFile; fileRef = 1B3FC5662B4D222000170398 /* FlickNestUITests.swift */; };
		1B3FC5692B4D222000170398 /* FlickNestUITestsLaunchTests.swift in Sources */ = {isa = PBXBuildFile; fileRef = 1B3FC5682B4D222000170398 /* FlickNestUITestsLaunchTests.swift */; };
		1B3FC5952B4D2B6900170398 /* NetworkURL.swift in Sources */ = {isa = PBXBuildFile; fileRef = 1B3FC5942B4D2B6900170398 /* NetworkURL.swift */; };
		1B3FC5972B4D306B00170398 /* URLEndPoint.swift in Sources */ = {isa = PBXBuildFile; fileRef = 1B3FC5962B4D306B00170398 /* URLEndPoint.swift */; };
		1B4E9D542B4E33BD00F9E77B /* NetworkManager.swift in Sources */ = {isa = PBXBuildFile; fileRef = 1B4E9D532B4E33BD00F9E77B /* NetworkManager.swift */; };
		1B4E9D562B4E392800F9E77B /* MovieListDataProvider.swift in Sources */ = {isa = PBXBuildFile; fileRef = 1B4E9D552B4E392800F9E77B /* MovieListDataProvider.swift */; };
		1B4E9D5D2B4E62B800F9E77B /* MovieListModel.swift in Sources */ = {isa = PBXBuildFile; fileRef = 1B4E9D5C2B4E62B800F9E77B /* MovieListModel.swift */; };
		1B4E9D602B4E885100F9E77B /* MovieListViewModel.swift in Sources */ = {isa = PBXBuildFile; fileRef = 1B4E9D5F2B4E885100F9E77B /* MovieListViewModel.swift */; };
		1B4E9D632B4F859400F9E77B /* MovieList.swift in Sources */ = {isa = PBXBuildFile; fileRef = 1B4E9D622B4F859400F9E77B /* MovieList.swift */; };
		1B4E9D652B4F877300F9E77B /* LoadingView.swift in Sources */ = {isa = PBXBuildFile; fileRef = 1B4E9D642B4F877300F9E77B /* LoadingView.swift */; };
		1B4E9D672B4F891A00F9E77B /* MovieListCell.swift in Sources */ = {isa = PBXBuildFile; fileRef = 1B4E9D662B4F891A00F9E77B /* MovieListCell.swift */; };
		1B4E9D6A2B4F89ED00F9E77B /* SDWebImageSwiftUI in Frameworks */ = {isa = PBXBuildFile; productRef = 1B4E9D692B4F89ED00F9E77B /* SDWebImageSwiftUI */; };
		1B4E9D6C2B4FC16200F9E77B /* CustomSDWebImageView.swift in Sources */ = {isa = PBXBuildFile; fileRef = 1B4E9D6B2B4FC16200F9E77B /* CustomSDWebImageView.swift */; };
		1B4E9D6E2B4FC43100F9E77B /* SplashView.swift in Sources */ = {isa = PBXBuildFile; fileRef = 1B4E9D6D2B4FC43100F9E77B /* SplashView.swift */; };
		1B4E9D782B4FCD1C00F9E77B /* UIFont.swift in Sources */ = {isa = PBXBuildFile; fileRef = 1B4E9D772B4FCD1C00F9E77B /* UIFont.swift */; };
		1B4E9D812B4FEDA300F9E77B /* TabView.swift in Sources */ = {isa = PBXBuildFile; fileRef = 1B4E9D802B4FEDA300F9E77B /* TabView.swift */; };
		1B9088242B523493001C61F5 /* DefaultTheme.swift in Sources */ = {isa = PBXBuildFile; fileRef = 1B9088232B523493001C61F5 /* DefaultTheme.swift */; };
		1B9088282B523828001C61F5 /* MainBanner.swift in Sources */ = {isa = PBXBuildFile; fileRef = 1B9088272B523828001C61F5 /* MainBanner.swift */; };
		1B90882A2B525BDC001C61F5 /* HomeBannerModel.swift in Sources */ = {isa = PBXBuildFile; fileRef = 1B9088292B525BDC001C61F5 /* HomeBannerModel.swift */; };
		1B90882C2B526095001C61F5 /* HomeScreen.swift in Sources */ = {isa = PBXBuildFile; fileRef = 1B90882B2B526095001C61F5 /* HomeScreen.swift */; };
		1B90882E2B52613E001C61F5 /* PagingView.swift in Sources */ = {isa = PBXBuildFile; fileRef = 1B90882D2B52613E001C61F5 /* PagingView.swift */; };
		1B9088302B528708001C61F5 /* ButtonStyle.swift in Sources */ = {isa = PBXBuildFile; fileRef = 1B90882F2B528708001C61F5 /* ButtonStyle.swift */; };
		1B9088322B5291FC001C61F5 /* MovieCarouselView.swift in Sources */ = {isa = PBXBuildFile; fileRef = 1B9088312B5291FC001C61F5 /* MovieCarouselView.swift */; };
		1B9088342B529290001C61F5 /* MovieCard.swift in Sources */ = {isa = PBXBuildFile; fileRef = 1B9088332B529290001C61F5 /* MovieCard.swift */; };
		1B9088372B52D46C001C61F5 /* Color+Ext.swift in Sources */ = {isa = PBXBuildFile; fileRef = 1B9088362B52D46C001C61F5 /* Color+Ext.swift */; };
		69A56AE32B6D205B00F0A020 /* ApiService.swift in Sources */ = {isa = PBXBuildFile; fileRef = 69A56AE22B6D205B00F0A020 /* ApiService.swift */; };
		69A56AE72B6D33CB00F0A020 /* Coordinator.swift in Sources */ = {isa = PBXBuildFile; fileRef = 69A56AE62B6D33CB00F0A020 /* Coordinator.swift */; };
		69A56AE92B6D360B00F0A020 /* PopularListAssembly.swift in Sources */ = {isa = PBXBuildFile; fileRef = 69A56AE82B6D360B00F0A020 /* PopularListAssembly.swift */; };
		69A56AEF2B6D36D800F0A020 /* PopularListRepository.swift in Sources */ = {isa = PBXBuildFile; fileRef = 69A56AEE2B6D36D800F0A020 /* PopularListRepository.swift */; };
		69A56AF12B6D379700F0A020 /* PopularListInteractor.swift in Sources */ = {isa = PBXBuildFile; fileRef = 69A56AF02B6D379700F0A020 /* PopularListInteractor.swift */; };
		69A56AF32B6D386800F0A020 /* PopularListPresenter.swift in Sources */ = {isa = PBXBuildFile; fileRef = 69A56AF22B6D386800F0A020 /* PopularListPresenter.swift */; };
		69A56AF52B6D3F6000F0A020 /* PopularListViewModel.swift in Sources */ = {isa = PBXBuildFile; fileRef = 69A56AF42B6D3F6000F0A020 /* PopularListViewModel.swift */; };
		69A56AF72B6D429000F0A020 /* PopularListView.swift in Sources */ = {isa = PBXBuildFile; fileRef = 69A56AF62B6D429000F0A020 /* PopularListView.swift */; };
/* End PBXBuildFile section */

/* Begin PBXContainerItemProxy section */
		1B3FC5592B4D222000170398 /* PBXContainerItemProxy */ = {
			isa = PBXContainerItemProxy;
			containerPortal = 1B3FC5402B4D221E00170398 /* Project object */;
			proxyType = 1;
			remoteGlobalIDString = 1B3FC5472B4D221E00170398;
			remoteInfo = FlickNest;
		};
		1B3FC5632B4D222000170398 /* PBXContainerItemProxy */ = {
			isa = PBXContainerItemProxy;
			containerPortal = 1B3FC5402B4D221E00170398 /* Project object */;
			proxyType = 1;
			remoteGlobalIDString = 1B3FC5472B4D221E00170398;
			remoteInfo = FlickNest;
		};
/* End PBXContainerItemProxy section */

/* Begin PBXFileReference section */
		1B3FC5482B4D221E00170398 /* FlickNest.app */ = {isa = PBXFileReference; explicitFileType = wrapper.application; includeInIndex = 0; path = FlickNest.app; sourceTree = BUILT_PRODUCTS_DIR; };
		1B3FC54B2B4D221E00170398 /* FlickNestApp.swift */ = {isa = PBXFileReference; lastKnownFileType = sourcecode.swift; path = FlickNestApp.swift; sourceTree = "<group>"; };
		1B3FC54D2B4D221E00170398 /* ContentView.swift */ = {isa = PBXFileReference; lastKnownFileType = sourcecode.swift; path = ContentView.swift; sourceTree = "<group>"; };
		1B3FC54F2B4D222000170398 /* Assets.xcassets */ = {isa = PBXFileReference; lastKnownFileType = folder.assetcatalog; path = Assets.xcassets; sourceTree = "<group>"; };
		1B3FC5522B4D222000170398 /* Preview Assets.xcassets */ = {isa = PBXFileReference; lastKnownFileType = folder.assetcatalog; path = "Preview Assets.xcassets"; sourceTree = "<group>"; };
		1B3FC5582B4D222000170398 /* FlickNestTests.xctest */ = {isa = PBXFileReference; explicitFileType = wrapper.cfbundle; includeInIndex = 0; path = FlickNestTests.xctest; sourceTree = BUILT_PRODUCTS_DIR; };
		1B3FC55C2B4D222000170398 /* FlickNestTests.swift */ = {isa = PBXFileReference; lastKnownFileType = sourcecode.swift; path = FlickNestTests.swift; sourceTree = "<group>"; };
		1B3FC5622B4D222000170398 /* FlickNestUITests.xctest */ = {isa = PBXFileReference; explicitFileType = wrapper.cfbundle; includeInIndex = 0; path = FlickNestUITests.xctest; sourceTree = BUILT_PRODUCTS_DIR; };
		1B3FC5662B4D222000170398 /* FlickNestUITests.swift */ = {isa = PBXFileReference; lastKnownFileType = sourcecode.swift; path = FlickNestUITests.swift; sourceTree = "<group>"; };
		1B3FC5682B4D222000170398 /* FlickNestUITestsLaunchTests.swift */ = {isa = PBXFileReference; lastKnownFileType = sourcecode.swift; path = FlickNestUITestsLaunchTests.swift; sourceTree = "<group>"; };
		1B3FC5942B4D2B6900170398 /* NetworkURL.swift */ = {isa = PBXFileReference; lastKnownFileType = sourcecode.swift; path = NetworkURL.swift; sourceTree = "<group>"; };
		1B3FC5962B4D306B00170398 /* URLEndPoint.swift */ = {isa = PBXFileReference; lastKnownFileType = sourcecode.swift; path = URLEndPoint.swift; sourceTree = "<group>"; };
		1B4E9D532B4E33BD00F9E77B /* NetworkManager.swift */ = {isa = PBXFileReference; lastKnownFileType = sourcecode.swift; path = NetworkManager.swift; sourceTree = "<group>"; };
		1B4E9D552B4E392800F9E77B /* MovieListDataProvider.swift */ = {isa = PBXFileReference; lastKnownFileType = sourcecode.swift; path = MovieListDataProvider.swift; sourceTree = "<group>"; };
		1B4E9D5C2B4E62B800F9E77B /* MovieListModel.swift */ = {isa = PBXFileReference; lastKnownFileType = sourcecode.swift; path = MovieListModel.swift; sourceTree = "<group>"; };
		1B4E9D5F2B4E885100F9E77B /* MovieListViewModel.swift */ = {isa = PBXFileReference; lastKnownFileType = sourcecode.swift; path = MovieListViewModel.swift; sourceTree = "<group>"; };
		1B4E9D622B4F859400F9E77B /* MovieList.swift */ = {isa = PBXFileReference; lastKnownFileType = sourcecode.swift; path = MovieList.swift; sourceTree = "<group>"; };
		1B4E9D642B4F877300F9E77B /* LoadingView.swift */ = {isa = PBXFileReference; lastKnownFileType = sourcecode.swift; path = LoadingView.swift; sourceTree = "<group>"; };
		1B4E9D662B4F891A00F9E77B /* MovieListCell.swift */ = {isa = PBXFileReference; lastKnownFileType = sourcecode.swift; path = MovieListCell.swift; sourceTree = "<group>"; };
		1B4E9D6B2B4FC16200F9E77B /* CustomSDWebImageView.swift */ = {isa = PBXFileReference; lastKnownFileType = sourcecode.swift; path = CustomSDWebImageView.swift; sourceTree = "<group>"; };
		1B4E9D6D2B4FC43100F9E77B /* SplashView.swift */ = {isa = PBXFileReference; lastKnownFileType = sourcecode.swift; path = SplashView.swift; sourceTree = "<group>"; };
		1B4E9D712B4FCB1F00F9E77B /* Roboto-Regular.ttf */ = {isa = PBXFileReference; lastKnownFileType = file; path = "Roboto-Regular.ttf"; sourceTree = "<group>"; };
		1B4E9D722B4FCB2E00F9E77B /* Roboto-Medium.ttf */ = {isa = PBXFileReference; lastKnownFileType = file; path = "Roboto-Medium.ttf"; sourceTree = "<group>"; };
		1B4E9D732B4FCB4D00F9E77B /* Roboto-Bold.ttf */ = {isa = PBXFileReference; lastKnownFileType = file; path = "Roboto-Bold.ttf"; sourceTree = "<group>"; };
		1B4E9D742B4FCB7100F9E77B /* Roboto-Black.ttf */ = {isa = PBXFileReference; lastKnownFileType = file; path = "Roboto-Black.ttf"; sourceTree = "<group>"; };
		1B4E9D752B4FCB7D00F9E77B /* Roboto-Thin.ttf */ = {isa = PBXFileReference; lastKnownFileType = file; path = "Roboto-Thin.ttf"; sourceTree = "<group>"; };
		1B4E9D772B4FCD1C00F9E77B /* UIFont.swift */ = {isa = PBXFileReference; lastKnownFileType = sourcecode.swift; path = UIFont.swift; sourceTree = "<group>"; };
		1B4E9D802B4FEDA300F9E77B /* TabView.swift */ = {isa = PBXFileReference; lastKnownFileType = sourcecode.swift; path = TabView.swift; sourceTree = "<group>"; };
		1B9088232B523493001C61F5 /* DefaultTheme.swift */ = {isa = PBXFileReference; lastKnownFileType = sourcecode.swift; path = DefaultTheme.swift; sourceTree = "<group>"; };
		1B9088272B523828001C61F5 /* MainBanner.swift */ = {isa = PBXFileReference; lastKnownFileType = sourcecode.swift; path = MainBanner.swift; sourceTree = "<group>"; };
		1B9088292B525BDC001C61F5 /* HomeBannerModel.swift */ = {isa = PBXFileReference; lastKnownFileType = sourcecode.swift; path = HomeBannerModel.swift; sourceTree = "<group>"; };
		1B90882B2B526095001C61F5 /* HomeScreen.swift */ = {isa = PBXFileReference; lastKnownFileType = sourcecode.swift; path = HomeScreen.swift; sourceTree = "<group>"; };
		1B90882D2B52613E001C61F5 /* PagingView.swift */ = {isa = PBXFileReference; lastKnownFileType = sourcecode.swift; path = PagingView.swift; sourceTree = "<group>"; };
		1B90882F2B528708001C61F5 /* ButtonStyle.swift */ = {isa = PBXFileReference; lastKnownFileType = sourcecode.swift; name = ButtonStyle.swift; path = FlickNest/View/HomeScreen/ButtonStyle.swift; sourceTree = SOURCE_ROOT; };
		1B9088312B5291FC001C61F5 /* MovieCarouselView.swift */ = {isa = PBXFileReference; lastKnownFileType = sourcecode.swift; path = MovieCarouselView.swift; sourceTree = "<group>"; };
		1B9088332B529290001C61F5 /* MovieCard.swift */ = {isa = PBXFileReference; lastKnownFileType = sourcecode.swift; path = MovieCard.swift; sourceTree = "<group>"; };
		1B9088362B52D46C001C61F5 /* Color+Ext.swift */ = {isa = PBXFileReference; lastKnownFileType = sourcecode.swift; name = "Color+Ext.swift"; path = "FlickNest/View/HomeScreen/Color+Ext.swift"; sourceTree = SOURCE_ROOT; };
		69A56AE22B6D205B00F0A020 /* ApiService.swift */ = {isa = PBXFileReference; lastKnownFileType = sourcecode.swift; path = ApiService.swift; sourceTree = "<group>"; };
		69A56AE62B6D33CB00F0A020 /* Coordinator.swift */ = {isa = PBXFileReference; lastKnownFileType = sourcecode.swift; path = Coordinator.swift; sourceTree = "<group>"; };
		69A56AE82B6D360B00F0A020 /* PopularListAssembly.swift */ = {isa = PBXFileReference; lastKnownFileType = sourcecode.swift; path = PopularListAssembly.swift; sourceTree = "<group>"; };
		69A56AEE2B6D36D800F0A020 /* PopularListRepository.swift */ = {isa = PBXFileReference; lastKnownFileType = sourcecode.swift; path = PopularListRepository.swift; sourceTree = "<group>"; };
		69A56AF02B6D379700F0A020 /* PopularListInteractor.swift */ = {isa = PBXFileReference; lastKnownFileType = sourcecode.swift; path = PopularListInteractor.swift; sourceTree = "<group>"; };
		69A56AF22B6D386800F0A020 /* PopularListPresenter.swift */ = {isa = PBXFileReference; lastKnownFileType = sourcecode.swift; path = PopularListPresenter.swift; sourceTree = "<group>"; };
		69A56AF42B6D3F6000F0A020 /* PopularListViewModel.swift */ = {isa = PBXFileReference; lastKnownFileType = sourcecode.swift; path = PopularListViewModel.swift; sourceTree = "<group>"; };
		69A56AF62B6D429000F0A020 /* PopularListView.swift */ = {isa = PBXFileReference; lastKnownFileType = sourcecode.swift; path = PopularListView.swift; sourceTree = "<group>"; };
/* End PBXFileReference section */

/* Begin PBXFrameworksBuildPhase section */
		1B3FC5452B4D221E00170398 /* Frameworks */ = {
			isa = PBXFrameworksBuildPhase;
			buildActionMask = 2147483647;
			files = (
				1B4E9D6A2B4F89ED00F9E77B /* SDWebImageSwiftUI in Frameworks */,
			);
			runOnlyForDeploymentPostprocessing = 0;
		};
		1B3FC5552B4D222000170398 /* Frameworks */ = {
			isa = PBXFrameworksBuildPhase;
			buildActionMask = 2147483647;
			files = (
			);
			runOnlyForDeploymentPostprocessing = 0;
		};
		1B3FC55F2B4D222000170398 /* Frameworks */ = {
			isa = PBXFrameworksBuildPhase;
			buildActionMask = 2147483647;
			files = (
			);
			runOnlyForDeploymentPostprocessing = 0;
		};
/* End PBXFrameworksBuildPhase section */

/* Begin PBXGroup section */
		1B3FC53F2B4D221E00170398 = {
			isa = PBXGroup;
			children = (
				1B3FC54A2B4D221E00170398 /* FlickNest */,
				1B3FC55B2B4D222000170398 /* FlickNestTests */,
				1B3FC5652B4D222000170398 /* FlickNestUITests */,
				1B3FC5492B4D221E00170398 /* Products */,
			);
			indentWidth = 2;
			sourceTree = "<group>";
			tabWidth = 2;
		};
		1B3FC5492B4D221E00170398 /* Products */ = {
			isa = PBXGroup;
			children = (
				1B3FC5482B4D221E00170398 /* FlickNest.app */,
				1B3FC5582B4D222000170398 /* FlickNestTests.xctest */,
				1B3FC5622B4D222000170398 /* FlickNestUITests.xctest */,
			);
			name = Products;
			sourceTree = "<group>";
		};
		1B3FC54A2B4D221E00170398 /* FlickNest */ = {
			isa = PBXGroup;
			children = (
				69A56ADF2B6D1F6000F0A020 /* CleanArchitecture */,
				1B9088222B523487001C61F5 /* Theming */,
				1B4E9D762B4FCD0E00F9E77B /* Utils */,
				1B4E9D702B4FCB0600F9E77B /* font */,
				1B4E9D612B4F855500F9E77B /* View */,
				1B4E9D5E2B4E884000F9E77B /* ViewModel */,
				1B4E9D5B2B4E629F00F9E77B /* Model */,
				1B3FC58F2B4D257700170398 /* Services */,
				1B3FC54B2B4D221E00170398 /* FlickNestApp.swift */,
				1B3FC54D2B4D221E00170398 /* ContentView.swift */,
				1B3FC54F2B4D222000170398 /* Assets.xcassets */,
				1B3FC5512B4D222000170398 /* Preview Content */,
			);
			path = FlickNest;
			sourceTree = "<group>";
		};
		1B3FC5512B4D222000170398 /* Preview Content */ = {
			isa = PBXGroup;
			children = (
				1B3FC5522B4D222000170398 /* Preview Assets.xcassets */,
			);
			path = "Preview Content";
			sourceTree = "<group>";
		};
		1B3FC55B2B4D222000170398 /* FlickNestTests */ = {
			isa = PBXGroup;
			children = (
				1B3FC55C2B4D222000170398 /* FlickNestTests.swift */,
			);
			path = FlickNestTests;
			sourceTree = "<group>";
		};
		1B3FC5652B4D222000170398 /* FlickNestUITests */ = {
			isa = PBXGroup;
			children = (
				1B3FC5662B4D222000170398 /* FlickNestUITests.swift */,
				1B3FC5682B4D222000170398 /* FlickNestUITestsLaunchTests.swift */,
			);
			path = FlickNestUITests;
			sourceTree = "<group>";
		};
		1B3FC58F2B4D257700170398 /* Services */ = {
			isa = PBXGroup;
			children = (
				1B3FC5932B4D25C400170398 /* NetworkManager */,
				1B3FC5922B4D25BD00170398 /* APIDataProvider */,
				1B3FC5912B4D25B000170398 /* URLEndPoint */,
				1B3FC5902B4D258400170398 /* NetworkURL */,
			);
			path = Services;
			sourceTree = "<group>";
		};
		1B3FC5902B4D258400170398 /* NetworkURL */ = {
			isa = PBXGroup;
			children = (
				1B3FC5942B4D2B6900170398 /* NetworkURL.swift */,
			);
			path = NetworkURL;
			sourceTree = "<group>";
		};
		1B3FC5912B4D25B000170398 /* URLEndPoint */ = {
			isa = PBXGroup;
			children = (
				1B3FC5962B4D306B00170398 /* URLEndPoint.swift */,
			);
			path = URLEndPoint;
			sourceTree = "<group>";
		};
		1B3FC5922B4D25BD00170398 /* APIDataProvider */ = {
			isa = PBXGroup;
			children = (
				1B4E9D552B4E392800F9E77B /* MovieListDataProvider.swift */,
			);
			path = APIDataProvider;
			sourceTree = "<group>";
		};
		1B3FC5932B4D25C400170398 /* NetworkManager */ = {
			isa = PBXGroup;
			children = (
				1B4E9D532B4E33BD00F9E77B /* NetworkManager.swift */,
			);
			path = NetworkManager;
			sourceTree = "<group>";
		};
		1B4E9D5B2B4E629F00F9E77B /* Model */ = {
			isa = PBXGroup;
			children = (
				1B4E9D5C2B4E62B800F9E77B /* MovieListModel.swift */,
				1B9088292B525BDC001C61F5 /* HomeBannerModel.swift */,
			);
			path = Model;
			sourceTree = "<group>";
		};
		1B4E9D5E2B4E884000F9E77B /* ViewModel */ = {
			isa = PBXGroup;
			children = (
				1B4E9D5F2B4E885100F9E77B /* MovieListViewModel.swift */,
			);
			path = ViewModel;
			sourceTree = "<group>";
		};
		1B4E9D612B4F855500F9E77B /* View */ = {
			isa = PBXGroup;
			children = (
				1B9088262B52380B001C61F5 /* HomeScreen */,
				1B4E9D7F2B4FECF300F9E77B /* TabBar */,
				1B4E9D6F2B4FC92B00F9E77B /* Cell */,
				1B4E9D622B4F859400F9E77B /* MovieList.swift */,
				1B4E9D642B4F877300F9E77B /* LoadingView.swift */,
				1B4E9D6B2B4FC16200F9E77B /* CustomSDWebImageView.swift */,
				1B4E9D6D2B4FC43100F9E77B /* SplashView.swift */,
			);
			path = View;
			sourceTree = "<group>";
		};
		1B4E9D6F2B4FC92B00F9E77B /* Cell */ = {
			isa = PBXGroup;
			children = (
				1B4E9D662B4F891A00F9E77B /* MovieListCell.swift */,
			);
			path = Cell;
			sourceTree = "<group>";
		};
		1B4E9D702B4FCB0600F9E77B /* font */ = {
			isa = PBXGroup;
			children = (
				1B4E9D712B4FCB1F00F9E77B /* Roboto-Regular.ttf */,
				1B4E9D722B4FCB2E00F9E77B /* Roboto-Medium.ttf */,
				1B4E9D732B4FCB4D00F9E77B /* Roboto-Bold.ttf */,
				1B4E9D742B4FCB7100F9E77B /* Roboto-Black.ttf */,
				1B4E9D752B4FCB7D00F9E77B /* Roboto-Thin.ttf */,
			);
			path = font;
			sourceTree = "<group>";
		};
		1B4E9D762B4FCD0E00F9E77B /* Utils */ = {
			isa = PBXGroup;
			children = (
				1B90882F2B528708001C61F5 /* ButtonStyle.swift */,
				1B9088362B52D46C001C61F5 /* Color+Ext.swift */,
			);
			path = Utils;
			sourceTree = "<group>";
		};
		1B4E9D7F2B4FECF300F9E77B /* TabBar */ = {
			isa = PBXGroup;
			children = (
				1B4E9D802B4FEDA300F9E77B /* TabView.swift */,
			);
			path = TabBar;
			sourceTree = "<group>";
		};
		1B9088222B523487001C61F5 /* Theming */ = {
			isa = PBXGroup;
			children = (
				1B9088252B5234E1001C61F5 /* Default */,
			);
			path = Theming;
			sourceTree = "<group>";
		};
		1B9088252B5234E1001C61F5 /* Default */ = {
			isa = PBXGroup;
			children = (
				1B4E9D772B4FCD1C00F9E77B /* UIFont.swift */,
				1B9088232B523493001C61F5 /* DefaultTheme.swift */,
			);
			path = Default;
			sourceTree = "<group>";
		};
		1B9088262B52380B001C61F5 /* HomeScreen */ = {
			isa = PBXGroup;
			children = (
				1B9088352B52A25B001C61F5 /* CellView */,
				1B9088272B523828001C61F5 /* MainBanner.swift */,
				1B90882B2B526095001C61F5 /* HomeScreen.swift */,
				1B90882D2B52613E001C61F5 /* PagingView.swift */,
				1B9088312B5291FC001C61F5 /* MovieCarouselView.swift */,
			);
			path = HomeScreen;
			sourceTree = "<group>";
		};
		1B9088352B52A25B001C61F5 /* CellView */ = {
			isa = PBXGroup;
			children = (
				1B9088332B529290001C61F5 /* MovieCard.swift */,
			);
			path = CellView;
			sourceTree = "<group>";
		};
		69A56ADF2B6D1F6000F0A020 /* CleanArchitecture */ = {
			isa = PBXGroup;
			children = (
				69A56AE42B6D33A400F0A020 /* Sceness */,
				69A56AE02B6D200D00F0A020 /* Source */,
			);
			path = CleanArchitecture;
			sourceTree = "<group>";
		};
		69A56AE02B6D200D00F0A020 /* Source */ = {
			isa = PBXGroup;
			children = (
				69A56AE12B6D201B00F0A020 /* Networking */,
			);
			path = Source;
			sourceTree = "<group>";
		};
		69A56AE12B6D201B00F0A020 /* Networking */ = {
			isa = PBXGroup;
			children = (
				69A56AE22B6D205B00F0A020 /* ApiService.swift */,
			);
			path = Networking;
			sourceTree = "<group>";
		};
		69A56AE42B6D33A400F0A020 /* Sceness */ = {
			isa = PBXGroup;
			children = (
				69A56AEA2B6D368100F0A020 /* PopularList */,
				69A56AE52B6D33B400F0A020 /* Cordinator */,
			);
			path = Sceness;
			sourceTree = "<group>";
		};
		69A56AE52B6D33B400F0A020 /* Cordinator */ = {
			isa = PBXGroup;
			children = (
				69A56AE62B6D33CB00F0A020 /* Coordinator.swift */,
				69A56AE82B6D360B00F0A020 /* PopularListAssembly.swift */,
			);
			path = Cordinator;
			sourceTree = "<group>";
		};
		69A56AEA2B6D368100F0A020 /* PopularList */ = {
			isa = PBXGroup;
			children = (
				69A56AED2B6D36A800F0A020 /* Presentation */,
				69A56AEC2B6D369E00F0A020 /* Domain */,
				69A56AEB2B6D369400F0A020 /* Data */,
			);
			path = PopularList;
			sourceTree = "<group>";
		};
		69A56AEB2B6D369400F0A020 /* Data */ = {
			isa = PBXGroup;
			children = (
				69A56AEE2B6D36D800F0A020 /* PopularListRepository.swift */,
			);
			path = Data;
			sourceTree = "<group>";
		};
		69A56AEC2B6D369E00F0A020 /* Domain */ = {
			isa = PBXGroup;
			children = (
				69A56AF02B6D379700F0A020 /* PopularListInteractor.swift */,
			);
			path = Domain;
			sourceTree = "<group>";
		};
		69A56AED2B6D36A800F0A020 /* Presentation */ = {
			isa = PBXGroup;
			children = (
				69A56AF22B6D386800F0A020 /* PopularListPresenter.swift */,
				69A56AF42B6D3F6000F0A020 /* PopularListViewModel.swift */,
				69A56AF62B6D429000F0A020 /* PopularListView.swift */,
			);
			path = Presentation;
			sourceTree = "<group>";
		};
/* End PBXGroup section */

/* Begin PBXNativeTarget section */
		1B3FC5472B4D221E00170398 /* FlickNest */ = {
			isa = PBXNativeTarget;
			buildConfigurationList = 1B3FC56C2B4D222000170398 /* Build configuration list for PBXNativeTarget "FlickNest" */;
			buildPhases = (
				1B3FC5442B4D221E00170398 /* Sources */,
				1B3FC5452B4D221E00170398 /* Frameworks */,
				1B3FC5462B4D221E00170398 /* Resources */,
			);
			buildRules = (
			);
			dependencies = (
			);
			name = FlickNest;
			packageProductDependencies = (
				1B4E9D692B4F89ED00F9E77B /* SDWebImageSwiftUI */,
			);
			productName = FlickNest;
			productReference = 1B3FC5482B4D221E00170398 /* FlickNest.app */;
			productType = "com.apple.product-type.application";
		};
		1B3FC5572B4D222000170398 /* FlickNestTests */ = {
			isa = PBXNativeTarget;
			buildConfigurationList = 1B3FC56F2B4D222000170398 /* Build configuration list for PBXNativeTarget "FlickNestTests" */;
			buildPhases = (
				1B3FC5542B4D222000170398 /* Sources */,
				1B3FC5552B4D222000170398 /* Frameworks */,
				1B3FC5562B4D222000170398 /* Resources */,
			);
			buildRules = (
			);
			dependencies = (
				1B3FC55A2B4D222000170398 /* PBXTargetDependency */,
			);
			name = FlickNestTests;
			productName = FlickNestTests;
			productReference = 1B3FC5582B4D222000170398 /* FlickNestTests.xctest */;
			productType = "com.apple.product-type.bundle.unit-test";
		};
		1B3FC5612B4D222000170398 /* FlickNestUITests */ = {
			isa = PBXNativeTarget;
			buildConfigurationList = 1B3FC5722B4D222000170398 /* Build configuration list for PBXNativeTarget "FlickNestUITests" */;
			buildPhases = (
				1B3FC55E2B4D222000170398 /* Sources */,
				1B3FC55F2B4D222000170398 /* Frameworks */,
				1B3FC5602B4D222000170398 /* Resources */,
			);
			buildRules = (
			);
			dependencies = (
				1B3FC5642B4D222000170398 /* PBXTargetDependency */,
			);
			name = FlickNestUITests;
			productName = FlickNestUITests;
			productReference = 1B3FC5622B4D222000170398 /* FlickNestUITests.xctest */;
			productType = "com.apple.product-type.bundle.ui-testing";
		};
/* End PBXNativeTarget section */

/* Begin PBXProject section */
		1B3FC5402B4D221E00170398 /* Project object */ = {
			isa = PBXProject;
			attributes = {
				BuildIndependentTargetsInParallel = 1;
				LastSwiftUpdateCheck = 1510;
				LastUpgradeCheck = 1510;
				TargetAttributes = {
					1B3FC5472B4D221E00170398 = {
						CreatedOnToolsVersion = 15.1;
					};
					1B3FC5572B4D222000170398 = {
						CreatedOnToolsVersion = 15.1;
						TestTargetID = 1B3FC5472B4D221E00170398;
					};
					1B3FC5612B4D222000170398 = {
						CreatedOnToolsVersion = 15.1;
						TestTargetID = 1B3FC5472B4D221E00170398;
					};
				};
			};
			buildConfigurationList = 1B3FC5432B4D221E00170398 /* Build configuration list for PBXProject "FlickNest" */;
			compatibilityVersion = "Xcode 14.0";
			developmentRegion = en;
			hasScannedForEncodings = 0;
			knownRegions = (
				en,
				Base,
			);
			mainGroup = 1B3FC53F2B4D221E00170398;
			packageReferences = (
				1B4E9D682B4F89ED00F9E77B /* XCRemoteSwiftPackageReference "SDWebImageSwiftUI" */,
			);
			productRefGroup = 1B3FC5492B4D221E00170398 /* Products */;
			projectDirPath = "";
			projectRoot = "";
			targets = (
				1B3FC5472B4D221E00170398 /* FlickNest */,
				1B3FC5572B4D222000170398 /* FlickNestTests */,
				1B3FC5612B4D222000170398 /* FlickNestUITests */,
			);
		};
/* End PBXProject section */

/* Begin PBXResourcesBuildPhase section */
		1B3FC5462B4D221E00170398 /* Resources */ = {
			isa = PBXResourcesBuildPhase;
			buildActionMask = 2147483647;
			files = (
				1B3FC5532B4D222000170398 /* Preview Assets.xcassets in Resources */,
				1B3FC5502B4D222000170398 /* Assets.xcassets in Resources */,
			);
			runOnlyForDeploymentPostprocessing = 0;
		};
		1B3FC5562B4D222000170398 /* Resources */ = {
			isa = PBXResourcesBuildPhase;
			buildActionMask = 2147483647;
			files = (
			);
			runOnlyForDeploymentPostprocessing = 0;
		};
		1B3FC5602B4D222000170398 /* Resources */ = {
			isa = PBXResourcesBuildPhase;
			buildActionMask = 2147483647;
			files = (
			);
			runOnlyForDeploymentPostprocessing = 0;
		};
/* End PBXResourcesBuildPhase section */

/* Begin PBXSourcesBuildPhase section */
		1B3FC5442B4D221E00170398 /* Sources */ = {
			isa = PBXSourcesBuildPhase;
			buildActionMask = 2147483647;
			files = (
				1B9088282B523828001C61F5 /* MainBanner.swift in Sources */,
				1B4E9D672B4F891A00F9E77B /* MovieListCell.swift in Sources */,
				69A56AE72B6D33CB00F0A020 /* Coordinator.swift in Sources */,
				1B4E9D632B4F859400F9E77B /* MovieList.swift in Sources */,
				1B3FC5972B4D306B00170398 /* URLEndPoint.swift in Sources */,
				1B9088342B529290001C61F5 /* MovieCard.swift in Sources */,
				1B9088372B52D46C001C61F5 /* Color+Ext.swift in Sources */,
				1B3FC5952B4D2B6900170398 /* NetworkURL.swift in Sources */,
				1B4E9D652B4F877300F9E77B /* LoadingView.swift in Sources */,
				1B9088302B528708001C61F5 /* ButtonStyle.swift in Sources */,
				69A56AF72B6D429000F0A020 /* PopularListView.swift in Sources */,
				69A56AF32B6D386800F0A020 /* PopularListPresenter.swift in Sources */,
				1B9088242B523493001C61F5 /* DefaultTheme.swift in Sources */,
				1B4E9D542B4E33BD00F9E77B /* NetworkManager.swift in Sources */,
				69A56AF52B6D3F6000F0A020 /* PopularListViewModel.swift in Sources */,
				1B90882E2B52613E001C61F5 /* PagingView.swift in Sources */,
				1B4E9D602B4E885100F9E77B /* MovieListViewModel.swift in Sources */,
				1B90882C2B526095001C61F5 /* HomeScreen.swift in Sources */,
				1B3FC54E2B4D221E00170398 /* ContentView.swift in Sources */,
				1B4E9D6E2B4FC43100F9E77B /* SplashView.swift in Sources */,
				69A56AEF2B6D36D800F0A020 /* PopularListRepository.swift in Sources */,
				69A56AE92B6D360B00F0A020 /* PopularListAssembly.swift in Sources */,
				69A56AE32B6D205B00F0A020 /* ApiService.swift in Sources */,
				1B4E9D5D2B4E62B800F9E77B /* MovieListModel.swift in Sources */,
				1B90882A2B525BDC001C61F5 /* HomeBannerModel.swift in Sources */,
				1B4E9D812B4FEDA300F9E77B /* TabView.swift in Sources */,
				69A56AF12B6D379700F0A020 /* PopularListInteractor.swift in Sources */,
				1B4E9D782B4FCD1C00F9E77B /* UIFont.swift in Sources */,
				1B3FC54C2B4D221E00170398 /* FlickNestApp.swift in Sources */,
				1B9088322B5291FC001C61F5 /* MovieCarouselView.swift in Sources */,
				1B4E9D562B4E392800F9E77B /* MovieListDataProvider.swift in Sources */,
				1B4E9D6C2B4FC16200F9E77B /* CustomSDWebImageView.swift in Sources */,
			);
			runOnlyForDeploymentPostprocessing = 0;
		};
		1B3FC5542B4D222000170398 /* Sources */ = {
			isa = PBXSourcesBuildPhase;
			buildActionMask = 2147483647;
			files = (
				1B3FC55D2B4D222000170398 /* FlickNestTests.swift in Sources */,
			);
			runOnlyForDeploymentPostprocessing = 0;
		};
		1B3FC55E2B4D222000170398 /* Sources */ = {
			isa = PBXSourcesBuildPhase;
			buildActionMask = 2147483647;
			files = (
				1B3FC5692B4D222000170398 /* FlickNestUITestsLaunchTests.swift in Sources */,
				1B3FC5672B4D222000170398 /* FlickNestUITests.swift in Sources */,
			);
			runOnlyForDeploymentPostprocessing = 0;
		};
/* End PBXSourcesBuildPhase section */

/* Begin PBXTargetDependency section */
		1B3FC55A2B4D222000170398 /* PBXTargetDependency */ = {
			isa = PBXTargetDependency;
			target = 1B3FC5472B4D221E00170398 /* FlickNest */;
			targetProxy = 1B3FC5592B4D222000170398 /* PBXContainerItemProxy */;
		};
		1B3FC5642B4D222000170398 /* PBXTargetDependency */ = {
			isa = PBXTargetDependency;
			target = 1B3FC5472B4D221E00170398 /* FlickNest */;
			targetProxy = 1B3FC5632B4D222000170398 /* PBXContainerItemProxy */;
		};
/* End PBXTargetDependency section */

/* Begin XCBuildConfiguration section */
		1B3FC56A2B4D222000170398 /* Debug */ = {
			isa = XCBuildConfiguration;
			buildSettings = {
				ALWAYS_SEARCH_USER_PATHS = NO;
				ASSETCATALOG_COMPILER_GENERATE_SWIFT_ASSET_SYMBOL_EXTENSIONS = YES;
				CLANG_ANALYZER_NONNULL = YES;
				CLANG_ANALYZER_NUMBER_OBJECT_CONVERSION = YES_AGGRESSIVE;
				CLANG_CXX_LANGUAGE_STANDARD = "gnu++20";
				CLANG_ENABLE_MODULES = YES;
				CLANG_ENABLE_OBJC_ARC = YES;
				CLANG_ENABLE_OBJC_WEAK = YES;
				CLANG_WARN_BLOCK_CAPTURE_AUTORELEASING = YES;
				CLANG_WARN_BOOL_CONVERSION = YES;
				CLANG_WARN_COMMA = YES;
				CLANG_WARN_CONSTANT_CONVERSION = YES;
				CLANG_WARN_DEPRECATED_OBJC_IMPLEMENTATIONS = YES;
				CLANG_WARN_DIRECT_OBJC_ISA_USAGE = YES_ERROR;
				CLANG_WARN_DOCUMENTATION_COMMENTS = YES;
				CLANG_WARN_EMPTY_BODY = YES;
				CLANG_WARN_ENUM_CONVERSION = YES;
				CLANG_WARN_INFINITE_RECURSION = YES;
				CLANG_WARN_INT_CONVERSION = YES;
				CLANG_WARN_NON_LITERAL_NULL_CONVERSION = YES;
				CLANG_WARN_OBJC_IMPLICIT_RETAIN_SELF = YES;
				CLANG_WARN_OBJC_LITERAL_CONVERSION = YES;
				CLANG_WARN_OBJC_ROOT_CLASS = YES_ERROR;
				CLANG_WARN_QUOTED_INCLUDE_IN_FRAMEWORK_HEADER = YES;
				CLANG_WARN_RANGE_LOOP_ANALYSIS = YES;
				CLANG_WARN_STRICT_PROTOTYPES = YES;
				CLANG_WARN_SUSPICIOUS_MOVE = YES;
				CLANG_WARN_UNGUARDED_AVAILABILITY = YES_AGGRESSIVE;
				CLANG_WARN_UNREACHABLE_CODE = YES;
				CLANG_WARN__DUPLICATE_METHOD_MATCH = YES;
				COPY_PHASE_STRIP = NO;
				DEBUG_INFORMATION_FORMAT = dwarf;
				ENABLE_STRICT_OBJC_MSGSEND = YES;
				ENABLE_TESTABILITY = YES;
				ENABLE_USER_SCRIPT_SANDBOXING = YES;
				GCC_C_LANGUAGE_STANDARD = gnu17;
				GCC_DYNAMIC_NO_PIC = NO;
				GCC_NO_COMMON_BLOCKS = YES;
				GCC_OPTIMIZATION_LEVEL = 0;
				GCC_PREPROCESSOR_DEFINITIONS = (
					"DEBUG=1",
					"$(inherited)",
				);
				GCC_WARN_64_TO_32_BIT_CONVERSION = YES;
				GCC_WARN_ABOUT_RETURN_TYPE = YES_ERROR;
				GCC_WARN_UNDECLARED_SELECTOR = YES;
				GCC_WARN_UNINITIALIZED_AUTOS = YES_AGGRESSIVE;
				GCC_WARN_UNUSED_FUNCTION = YES;
				GCC_WARN_UNUSED_VARIABLE = YES;
				IPHONEOS_DEPLOYMENT_TARGET = 17.2;
				LOCALIZATION_PREFERS_STRING_CATALOGS = YES;
				MTL_ENABLE_DEBUG_INFO = INCLUDE_SOURCE;
				MTL_FAST_MATH = YES;
				ONLY_ACTIVE_ARCH = YES;
				SDKROOT = iphoneos;
				SWIFT_ACTIVE_COMPILATION_CONDITIONS = "DEBUG $(inherited)";
				SWIFT_OPTIMIZATION_LEVEL = "-Onone";
			};
			name = Debug;
		};
		1B3FC56B2B4D222000170398 /* Release */ = {
			isa = XCBuildConfiguration;
			buildSettings = {
				ALWAYS_SEARCH_USER_PATHS = NO;
				ASSETCATALOG_COMPILER_GENERATE_SWIFT_ASSET_SYMBOL_EXTENSIONS = YES;
				CLANG_ANALYZER_NONNULL = YES;
				CLANG_ANALYZER_NUMBER_OBJECT_CONVERSION = YES_AGGRESSIVE;
				CLANG_CXX_LANGUAGE_STANDARD = "gnu++20";
				CLANG_ENABLE_MODULES = YES;
				CLANG_ENABLE_OBJC_ARC = YES;
				CLANG_ENABLE_OBJC_WEAK = YES;
				CLANG_WARN_BLOCK_CAPTURE_AUTORELEASING = YES;
				CLANG_WARN_BOOL_CONVERSION = YES;
				CLANG_WARN_COMMA = YES;
				CLANG_WARN_CONSTANT_CONVERSION = YES;
				CLANG_WARN_DEPRECATED_OBJC_IMPLEMENTATIONS = YES;
				CLANG_WARN_DIRECT_OBJC_ISA_USAGE = YES_ERROR;
				CLANG_WARN_DOCUMENTATION_COMMENTS = YES;
				CLANG_WARN_EMPTY_BODY = YES;
				CLANG_WARN_ENUM_CONVERSION = YES;
				CLANG_WARN_INFINITE_RECURSION = YES;
				CLANG_WARN_INT_CONVERSION = YES;
				CLANG_WARN_NON_LITERAL_NULL_CONVERSION = YES;
				CLANG_WARN_OBJC_IMPLICIT_RETAIN_SELF = YES;
				CLANG_WARN_OBJC_LITERAL_CONVERSION = YES;
				CLANG_WARN_OBJC_ROOT_CLASS = YES_ERROR;
				CLANG_WARN_QUOTED_INCLUDE_IN_FRAMEWORK_HEADER = YES;
				CLANG_WARN_RANGE_LOOP_ANALYSIS = YES;
				CLANG_WARN_STRICT_PROTOTYPES = YES;
				CLANG_WARN_SUSPICIOUS_MOVE = YES;
				CLANG_WARN_UNGUARDED_AVAILABILITY = YES_AGGRESSIVE;
				CLANG_WARN_UNREACHABLE_CODE = YES;
				CLANG_WARN__DUPLICATE_METHOD_MATCH = YES;
				COPY_PHASE_STRIP = NO;
				DEBUG_INFORMATION_FORMAT = "dwarf-with-dsym";
				ENABLE_NS_ASSERTIONS = NO;
				ENABLE_STRICT_OBJC_MSGSEND = YES;
				ENABLE_USER_SCRIPT_SANDBOXING = YES;
				GCC_C_LANGUAGE_STANDARD = gnu17;
				GCC_NO_COMMON_BLOCKS = YES;
				GCC_WARN_64_TO_32_BIT_CONVERSION = YES;
				GCC_WARN_ABOUT_RETURN_TYPE = YES_ERROR;
				GCC_WARN_UNDECLARED_SELECTOR = YES;
				GCC_WARN_UNINITIALIZED_AUTOS = YES_AGGRESSIVE;
				GCC_WARN_UNUSED_FUNCTION = YES;
				GCC_WARN_UNUSED_VARIABLE = YES;
				IPHONEOS_DEPLOYMENT_TARGET = 17.2;
				LOCALIZATION_PREFERS_STRING_CATALOGS = YES;
				MTL_ENABLE_DEBUG_INFO = NO;
				MTL_FAST_MATH = YES;
				SDKROOT = iphoneos;
				SWIFT_COMPILATION_MODE = wholemodule;
				VALIDATE_PRODUCT = YES;
			};
			name = Release;
		};
		1B3FC56D2B4D222000170398 /* Debug */ = {
			isa = XCBuildConfiguration;
			buildSettings = {
				ASSETCATALOG_COMPILER_APPICON_NAME = AppIcon;
				ASSETCATALOG_COMPILER_GLOBAL_ACCENT_COLOR_NAME = AccentColor;
				CODE_SIGN_STYLE = Automatic;
				CURRENT_PROJECT_VERSION = 1;
				DEVELOPMENT_ASSET_PATHS = "\"FlickNest/Preview Content\"";
				DEVELOPMENT_TEAM = 76LPK545XT;
				ENABLE_PREVIEWS = YES;
				GENERATE_INFOPLIST_FILE = YES;
				INFOPLIST_KEY_UIApplicationSceneManifest_Generation = YES;
				INFOPLIST_KEY_UIApplicationSupportsIndirectInputEvents = YES;
				INFOPLIST_KEY_UILaunchScreen_Generation = YES;
				INFOPLIST_KEY_UISupportedInterfaceOrientations_iPad = "UIInterfaceOrientationPortrait UIInterfaceOrientationPortraitUpsideDown UIInterfaceOrientationLandscapeLeft UIInterfaceOrientationLandscapeRight";
				INFOPLIST_KEY_UISupportedInterfaceOrientations_iPhone = "UIInterfaceOrientationPortrait UIInterfaceOrientationLandscapeLeft UIInterfaceOrientationLandscapeRight";
				IPHONEOS_DEPLOYMENT_TARGET = 16.0;
				LD_RUNPATH_SEARCH_PATHS = (
					"$(inherited)",
					"@executable_path/Frameworks",
				);
				MARKETING_VERSION = 1.0;
				PRODUCT_BUNDLE_IDENTIFIER = FlickNest.com.FlickNest;
				PRODUCT_NAME = "$(TARGET_NAME)";
				SWIFT_EMIT_LOC_STRINGS = YES;
				SWIFT_VERSION = 5.0;
				TARGETED_DEVICE_FAMILY = "1,2";
			};
			name = Debug;
		};
		1B3FC56E2B4D222000170398 /* Release */ = {
			isa = XCBuildConfiguration;
			buildSettings = {
				ASSETCATALOG_COMPILER_APPICON_NAME = AppIcon;
				ASSETCATALOG_COMPILER_GLOBAL_ACCENT_COLOR_NAME = AccentColor;
				CODE_SIGN_STYLE = Automatic;
				CURRENT_PROJECT_VERSION = 1;
				DEVELOPMENT_ASSET_PATHS = "\"FlickNest/Preview Content\"";
				DEVELOPMENT_TEAM = 76LPK545XT;
				ENABLE_PREVIEWS = YES;
				GENERATE_INFOPLIST_FILE = YES;
				INFOPLIST_KEY_UIApplicationSceneManifest_Generation = YES;
				INFOPLIST_KEY_UIApplicationSupportsIndirectInputEvents = YES;
				INFOPLIST_KEY_UILaunchScreen_Generation = YES;
				INFOPLIST_KEY_UISupportedInterfaceOrientations_iPad = "UIInterfaceOrientationPortrait UIInterfaceOrientationPortraitUpsideDown UIInterfaceOrientationLandscapeLeft UIInterfaceOrientationLandscapeRight";
				INFOPLIST_KEY_UISupportedInterfaceOrientations_iPhone = "UIInterfaceOrientationPortrait UIInterfaceOrientationLandscapeLeft UIInterfaceOrientationLandscapeRight";
				IPHONEOS_DEPLOYMENT_TARGET = 16.0;
				LD_RUNPATH_SEARCH_PATHS = (
					"$(inherited)",
					"@executable_path/Frameworks",
				);
				MARKETING_VERSION = 1.0;
				PRODUCT_BUNDLE_IDENTIFIER = FlickNest.com.FlickNest;
				PRODUCT_NAME = "$(TARGET_NAME)";
				SWIFT_EMIT_LOC_STRINGS = YES;
				SWIFT_VERSION = 5.0;
				TARGETED_DEVICE_FAMILY = "1,2";
			};
			name = Release;
		};
		1B3FC5702B4D222000170398 /* Debug */ = {
			isa = XCBuildConfiguration;
			buildSettings = {
				ALWAYS_EMBED_SWIFT_STANDARD_LIBRARIES = YES;
				BUNDLE_LOADER = "$(TEST_HOST)";
				CODE_SIGN_STYLE = Automatic;
				CURRENT_PROJECT_VERSION = 1;
				DEVELOPMENT_TEAM = 76LPK545XT;
				GENERATE_INFOPLIST_FILE = YES;
				IPHONEOS_DEPLOYMENT_TARGET = 17.2;
				MARKETING_VERSION = 1.0;
				PRODUCT_BUNDLE_IDENTIFIER = FlickNest.com.FlickNestTests;
				PRODUCT_NAME = "$(TARGET_NAME)";
				SWIFT_EMIT_LOC_STRINGS = NO;
				SWIFT_VERSION = 5.0;
				TARGETED_DEVICE_FAMILY = "1,2";
				TEST_HOST = "$(BUILT_PRODUCTS_DIR)/FlickNest.app/$(BUNDLE_EXECUTABLE_FOLDER_PATH)/FlickNest";
			};
			name = Debug;
		};
		1B3FC5712B4D222000170398 /* Release */ = {
			isa = XCBuildConfiguration;
			buildSettings = {
				ALWAYS_EMBED_SWIFT_STANDARD_LIBRARIES = YES;
				BUNDLE_LOADER = "$(TEST_HOST)";
				CODE_SIGN_STYLE = Automatic;
				CURRENT_PROJECT_VERSION = 1;
				DEVELOPMENT_TEAM = 76LPK545XT;
				GENERATE_INFOPLIST_FILE = YES;
				IPHONEOS_DEPLOYMENT_TARGET = 17.2;
				MARKETING_VERSION = 1.0;
				PRODUCT_BUNDLE_IDENTIFIER = FlickNest.com.FlickNestTests;
				PRODUCT_NAME = "$(TARGET_NAME)";
				SWIFT_EMIT_LOC_STRINGS = NO;
				SWIFT_VERSION = 5.0;
				TARGETED_DEVICE_FAMILY = "1,2";
				TEST_HOST = "$(BUILT_PRODUCTS_DIR)/FlickNest.app/$(BUNDLE_EXECUTABLE_FOLDER_PATH)/FlickNest";
			};
			name = Release;
		};
		1B3FC5732B4D222000170398 /* Debug */ = {
			isa = XCBuildConfiguration;
			buildSettings = {
				ALWAYS_EMBED_SWIFT_STANDARD_LIBRARIES = YES;
				CODE_SIGN_STYLE = Automatic;
				CURRENT_PROJECT_VERSION = 1;
				DEVELOPMENT_TEAM = 76LPK545XT;
				GENERATE_INFOPLIST_FILE = YES;
				MARKETING_VERSION = 1.0;
				PRODUCT_BUNDLE_IDENTIFIER = FlickNest.com.FlickNestUITests;
				PRODUCT_NAME = "$(TARGET_NAME)";
				SWIFT_EMIT_LOC_STRINGS = NO;
				SWIFT_VERSION = 5.0;
				TARGETED_DEVICE_FAMILY = "1,2";
				TEST_TARGET_NAME = FlickNest;
			};
			name = Debug;
		};
		1B3FC5742B4D222000170398 /* Release */ = {
			isa = XCBuildConfiguration;
			buildSettings = {
				ALWAYS_EMBED_SWIFT_STANDARD_LIBRARIES = YES;
				CODE_SIGN_STYLE = Automatic;
				CURRENT_PROJECT_VERSION = 1;
				DEVELOPMENT_TEAM = 76LPK545XT;
				GENERATE_INFOPLIST_FILE = YES;
				MARKETING_VERSION = 1.0;
				PRODUCT_BUNDLE_IDENTIFIER = FlickNest.com.FlickNestUITests;
				PRODUCT_NAME = "$(TARGET_NAME)";
				SWIFT_EMIT_LOC_STRINGS = NO;
				SWIFT_VERSION = 5.0;
				TARGETED_DEVICE_FAMILY = "1,2";
				TEST_TARGET_NAME = FlickNest;
			};
			name = Release;
		};
/* End XCBuildConfiguration section */

/* Begin XCConfigurationList section */
		1B3FC5432B4D221E00170398 /* Build configuration list for PBXProject "FlickNest" */ = {
			isa = XCConfigurationList;
			buildConfigurations = (
				1B3FC56A2B4D222000170398 /* Debug */,
				1B3FC56B2B4D222000170398 /* Release */,
			);
			defaultConfigurationIsVisible = 0;
			defaultConfigurationName = Release;
		};
		1B3FC56C2B4D222000170398 /* Build configuration list for PBXNativeTarget "FlickNest" */ = {
			isa = XCConfigurationList;
			buildConfigurations = (
				1B3FC56D2B4D222000170398 /* Debug */,
				1B3FC56E2B4D222000170398 /* Release */,
			);
			defaultConfigurationIsVisible = 0;
			defaultConfigurationName = Release;
		};
		1B3FC56F2B4D222000170398 /* Build configuration list for PBXNativeTarget "FlickNestTests" */ = {
			isa = XCConfigurationList;
			buildConfigurations = (
				1B3FC5702B4D222000170398 /* Debug */,
				1B3FC5712B4D222000170398 /* Release */,
			);
			defaultConfigurationIsVisible = 0;
			defaultConfigurationName = Release;
		};
		1B3FC5722B4D222000170398 /* Build configuration list for PBXNativeTarget "FlickNestUITests" */ = {
			isa = XCConfigurationList;
			buildConfigurations = (
				1B3FC5732B4D222000170398 /* Debug */,
				1B3FC5742B4D222000170398 /* Release */,
			);
			defaultConfigurationIsVisible = 0;
			defaultConfigurationName = Release;
		};
/* End XCConfigurationList section */

/* Begin XCRemoteSwiftPackageReference section */
		1B4E9D682B4F89ED00F9E77B /* XCRemoteSwiftPackageReference "SDWebImageSwiftUI" */ = {
			isa = XCRemoteSwiftPackageReference;
			repositoryURL = "https://github.com/SDWebImage/SDWebImageSwiftUI";
			requirement = {
				kind = upToNextMajorVersion;
				minimumVersion = 2.2.6;
			};
		};
/* End XCRemoteSwiftPackageReference section */

/* Begin XCSwiftPackageProductDependency section */
		1B4E9D692B4F89ED00F9E77B /* SDWebImageSwiftUI */ = {
			isa = XCSwiftPackageProductDependency;
			package = 1B4E9D682B4F89ED00F9E77B /* XCRemoteSwiftPackageReference "SDWebImageSwiftUI" */;
			productName = SDWebImageSwiftUI;
		};
/* End XCSwiftPackageProductDependency section */
	};
	rootObject = 1B3FC5402B4D221E00170398 /* Project object */;
}
